
Microsoft Visual Studio Solution File, Format Version 12.00
# Visual Studio Version 16
VisualStudioVersion = 16.0.30711.63
MinimumVisualStudioVersion = 10.0.40219.1
Project("{FAE04EC0-301F-11D3-BF4B-00C04F79EFBC}") = "Ground", "Ground\Ground.csproj", "{5F621B1E-4B20-4E7E-A2C1-4B85C587ED79}"
EndProject
Project("{D954291E-2A0B-460D-934E-DC6B0785DB48}") = "Connect", "Connect\Connect.shproj", "{0190D004-C2D0-4F59-9A02-AA524333D637}"
EndProject
Global
	GlobalSection(SharedMSBuildProjectFiles) = preSolution
		Connect\Connect.projitems*{0190d004-c2d0-4f59-9a02-aa524333d637}*SharedItemsImports = 13
		Connect\Connect.projitems*{5f621b1e-4b20-4e7e-a2c1-4b85c587ed79}*SharedItemsImports = 4
	EndGlobalSection
	GlobalSection(SolutionConfigurationPlatforms) = preSolution
		Debug|Any CPU = Debug|Any CPU
		Debug|ARM = Debug|ARM
		Debug|ARM64 = Debug|ARM64
		Debug|x64 = Debug|x64
		Debug|x86 = Debug|x86
		Release|Any CPU = Release|Any CPU
		Release|ARM = Release|ARM
		Release|ARM64 = Release|ARM64
		Release|x64 = Release|x64
		Release|x86 = Release|x86
	EndGlobalSection
	GlobalSection(ProjectConfigurationPlatforms) = postSolution
		{5F621B1E-4B20-4E7E-A2C1-4B85C587ED79}.Debug|Any CPU.ActiveCfg = Debug|x86
		{5F621B1E-4B20-4E7E-A2C1-4B85C587ED79}.Debug|ARM.ActiveCfg = Debug|ARM
		{5F621B1E-4B20-4E7E-A2C1-4B85C587ED79}.Debug|ARM.Build.0 = Debug|ARM
		{5F621B1E-4B20-4E7E-A2C1-4B85C587ED79}.Debug|ARM.Deploy.0 = Debug|ARM
		{5F621B1E-4B20-4E7E-A2C1-4B85C587ED79}.Debug|ARM64.ActiveCfg = Debug|ARM64
		{5F621B1E-4B20-4E7E-A2C1-4B85C587ED79}.Debug|ARM64.Build.0 = Debug|ARM64
		{5F621B1E-4B20-4E7E-A2C1-4B85C587ED79}.Debug|ARM64.Deploy.0 = Debug|ARM64
		{5F621B1E-4B20-4E7E-A2C1-4B85C587ED79}.Debug|x64.ActiveCfg = Debug|x64
		{5F621B1E-4B20-4E7E-A2C1-4B85C587ED79}.Debug|x64.Build.0 = Debug|x64
		{5F621B1E-4B20-4E7E-A2C1-4B85C587ED79}.Debug|x64.Deploy.0 = Debug|x64
		{5F621B1E-4B20-4E7E-A2C1-4B85C587ED79}.Debug|x86.ActiveCfg = Debug|x86
		{5F621B1E-4B20-4E7E-A2C1-4B85C587ED79}.Debug|x86.Build.0 = Debug|x86
		{5F621B1E-4B20-4E7E-A2C1-4B85C587ED79}.Debug|x86.Deploy.0 = Debug|x86
		{5F621B1E-4B20-4E7E-A2C1-4B85C587ED79}.Release|Any CPU.ActiveCfg = Release|x86
		{5F621B1E-4B20-4E7E-A2C1-4B85C587ED79}.Release|ARM.ActiveCfg = Release|ARM
		{5F621B1E-4B20-4E7E-A2C1-4B85C587ED79}.Release|ARM.Build.0 = Release|ARM
		{5F621B1E-4B20-4E7E-A2C1-4B85C587ED79}.Release|ARM.Deploy.0 = Release|ARM
		{5F621B1E-4B20-4E7E-A2C1-4B85C587ED79}.Release|ARM64.ActiveCfg = Release|ARM64
		{5F621B1E-4B20-4E7E-A2C1-4B85C587ED79}.Release|ARM64.Build.0 = Release|ARM64
		{5F621B1E-4B20-4E7E-A2C1-4B85C587ED79}.Release|ARM64.Deploy.0 = Release|ARM64
		{5F621B1E-4B20-4E7E-A2C1-4B85C587ED79}.Release|x64.ActiveCfg = Release|x64
		{5F621B1E-4B20-4E7E-A2C1-4B85C587ED79}.Release|x64.Build.0 = Release|x64
		{5F621B1E-4B20-4E7E-A2C1-4B85C587ED79}.Release|x64.Deploy.0 = Release|x64
		{5F621B1E-4B20-4E7E-A2C1-4B85C587ED79}.Release|x86.ActiveCfg = Release|x86
		{5F621B1E-4B20-4E7E-A2C1-4B85C587ED79}.Release|x86.Build.0 = Release|x86
		{5F621B1E-4B20-4E7E-A2C1-4B85C587ED79}.Release|x86.Deploy.0 = Release|x86
	EndGlobalSection
	GlobalSection(SolutionProperties) = preSolution
		HideSolutionNode = FALSE
	EndGlobalSection
	GlobalSection(ExtensibilityGlobals) = postSolution
		SolutionGuid = {E74D17CE-4AD2-4601-9BFE-A9B79BE94BE7}
	EndGlobalSection
EndGlobal
