
Microsoft Visual Studio Solution File, Format Version 12.00
# Visual Studio Version 16
VisualStudioVersion = 16.0.30711.63
MinimumVisualStudioVersion = 10.0.40219.1
Project("{9A19103F-16F7-4668-BE54-9A1E7A4F7556}") = "Meadow", "Meadow\Meadow.csproj", "{CD9A375C-3C95-4964-B500-5BBDE73FC3C0}"
EndProject
Project("{D954291E-2A0B-460D-934E-DC6B0785DB48}") = "Connect", "Connect\Connect.shproj", "{0190D004-C2D0-4F59-9A02-AA524333D637}"
EndProject
Project("{2150E333-8FDC-42A3-9474-1A3956D46DE8}") = "_Notes", "_Notes", "{06A7DAFD-6830-499A-8E25-9010EB784361}"
	ProjectSection(SolutionItems) = preProject
		_Notes\Notes.txt = _Notes\Notes.txt
		_Notes\Todo.txt = _Notes\Todo.txt
	EndProjectSection
EndProject
Global
	GlobalSection(SharedMSBuildProjectFiles) = preSolution
		Connect\Connect.projitems*{0190d004-c2d0-4f59-9a02-aa524333d637}*SharedItemsImports = 13
		Connect\Connect.projitems*{cd9a375c-3c95-4964-b500-5bbde73fc3c0}*SharedItemsImports = 5
	EndGlobalSection
	GlobalSection(SolutionConfigurationPlatforms) = preSolution
		Debug|Any CPU = Debug|Any CPU
		Release|Any CPU = Release|Any CPU
	EndGlobalSection
	GlobalSection(ProjectConfigurationPlatforms) = postSolution
		{CD9A375C-3C95-4964-B500-5BBDE73FC3C0}.Debug|Any CPU.ActiveCfg = Debug|Any CPU
		{CD9A375C-3C95-4964-B500-5BBDE73FC3C0}.Debug|Any CPU.Build.0 = Debug|Any CPU
		{CD9A375C-3C95-4964-B500-5BBDE73FC3C0}.Debug|Any CPU.Deploy.0 = Debug|Any CPU
		{CD9A375C-3C95-4964-B500-5BBDE73FC3C0}.Release|Any CPU.ActiveCfg = Release|Any CPU
		{CD9A375C-3C95-4964-B500-5BBDE73FC3C0}.Release|Any CPU.Build.0 = Release|Any CPU
		{CD9A375C-3C95-4964-B500-5BBDE73FC3C0}.Release|Any CPU.Deploy.0 = Release|Any CPU
	EndGlobalSection
	GlobalSection(SolutionProperties) = preSolution
		HideSolutionNode = FALSE
	EndGlobalSection
	GlobalSection(ExtensibilityGlobals) = postSolution
		SolutionGuid = {EA0F25FD-EADD-4B05-A6A7-354CDFA1D196}
	EndGlobalSection
EndGlobal
